// !$*UTF8*$!
{
	archiveVersion = 1;
	classes = {
	};
	objectVersion = 50;
	objects = {

/* Begin PBXBuildFile section */
		FE3CF3422378B7400024591B /* AppDelegate.swift in Sources */ = {isa = PBXBuildFile; fileRef = FE3CF3412378B7400024591B /* AppDelegate.swift */; };
		FE3CF3442378B7400024591B /* SceneDelegate.swift in Sources */ = {isa = PBXBuildFile; fileRef = FE3CF3432378B7400024591B /* SceneDelegate.swift */; };
		FE3CF3472378B7400024591B /* ImageClassifier.xcdatamodeld in Sources */ = {isa = PBXBuildFile; fileRef = FE3CF3452378B7400024591B /* ImageClassifier.xcdatamodeld */; };
		FE3CF3492378B7400024591B /* ContentView.swift in Sources */ = {isa = PBXBuildFile; fileRef = FE3CF3482378B7400024591B /* ContentView.swift */; };
		FE3CF34B2378B7430024591B /* Assets.xcassets in Resources */ = {isa = PBXBuildFile; fileRef = FE3CF34A2378B7430024591B /* Assets.xcassets */; };
		FE3CF34E2378B7430024591B /* Preview Assets.xcassets in Resources */ = {isa = PBXBuildFile; fileRef = FE3CF34D2378B7430024591B /* Preview Assets.xcassets */; };
		FE3CF3512378B7430024591B /* LaunchScreen.storyboard in Resources */ = {isa = PBXBuildFile; fileRef = FE3CF34F2378B7430024591B /* LaunchScreen.storyboard */; };
		FE3CF3592378B75B0024591B /* Resnet50.mlmodel in Sources */ = {isa = PBXBuildFile; fileRef = FE3CF3582378B75B0024591B /* Resnet50.mlmodel */; };
		FE3CF35B2378BC8A0024591B /* ImageDetctionViewModel.swift in Sources */ = {isa = PBXBuildFile; fileRef = FE3CF35A2378BC8A0024591B /* ImageDetctionViewModel.swift */; };
		FE3CF35D2378BDEC0024591B /* ImageDetectionManager.swift in Sources */ = {isa = PBXBuildFile; fileRef = FE3CF35C2378BDEC0024591B /* ImageDetectionManager.swift */; };
		FE3CF35F2378C0F80024591B /* UIImageExtension.swift in Sources */ = {isa = PBXBuildFile; fileRef = FE3CF35E2378C0F80024591B /* UIImageExtension.swift */; };
/* End PBXBuildFile section */

/* Begin PBXFileReference section */
		FE3CF33E2378B7400024591B /* ImageClassifier.app */ = {isa = PBXFileReference; explicitFileType = wrapper.application; includeInIndex = 0; path = ImageClassifier.app; sourceTree = BUILT_PRODUCTS_DIR; };
		FE3CF3412378B7400024591B /* AppDelegate.swift */ = {isa = PBXFileReference; lastKnownFileType = sourcecode.swift; path = AppDelegate.swift; sourceTree = "<group>"; };
		FE3CF3432378B7400024591B /* SceneDelegate.swift */ = {isa = PBXFileReference; lastKnownFileType = sourcecode.swift; path = SceneDelegate.swift; sourceTree = "<group>"; };
		FE3CF3462378B7400024591B /* ImageClassifier.xcdatamodel */ = {isa = PBXFileReference; lastKnownFileType = wrapper.xcdatamodel; path = ImageClassifier.xcdatamodel; sourceTree = "<group>"; };
		FE3CF3482378B7400024591B /* ContentView.swift */ = {isa = PBXFileReference; lastKnownFileType = sourcecode.swift; path = ContentView.swift; sourceTree = "<group>"; };
		FE3CF34A2378B7430024591B /* Assets.xcassets */ = {isa = PBXFileReference; lastKnownFileType = folder.assetcatalog; path = Assets.xcassets; sourceTree = "<group>"; };
		FE3CF34D2378B7430024591B /* Preview Assets.xcassets */ = {isa = PBXFileReference; lastKnownFileType = folder.assetcatalog; path = "Preview Assets.xcassets"; sourceTree = "<group>"; };
		FE3CF3502378B7430024591B /* Base */ = {isa = PBXFileReference; lastKnownFileType = file.storyboard; name = Base; path = Base.lproj/LaunchScreen.storyboard; sourceTree = "<group>"; };
		FE3CF3522378B7430024591B /* Info.plist */ = {isa = PBXFileReference; lastKnownFileType = text.plist.xml; path = Info.plist; sourceTree = "<group>"; };
		FE3CF3582378B75B0024591B /* Resnet50.mlmodel */ = {isa = PBXFileReference; lastKnownFileType = file.mlmodel; path = Resnet50.mlmodel; sourceTree = "<group>"; };
		FE3CF35A2378BC8A0024591B /* ImageDetctionViewModel.swift */ = {isa = PBXFileReference; lastKnownFileType = sourcecode.swift; path = ImageDetctionViewModel.swift; sourceTree = "<group>"; };
		FE3CF35C2378BDEC0024591B /* ImageDetectionManager.swift */ = {isa = PBXFileReference; lastKnownFileType = sourcecode.swift; path = ImageDetectionManager.swift; sourceTree = "<group>"; };
		FE3CF35E2378C0F80024591B /* UIImageExtension.swift */ = {isa = PBXFileReference; lastKnownFileType = sourcecode.swift; path = UIImageExtension.swift; sourceTree = "<group>"; };
/* End PBXFileReference section */

/* Begin PBXFrameworksBuildPhase section */
		FE3CF33B2378B7400024591B /* Frameworks */ = {
			isa = PBXFrameworksBuildPhase;
			buildActionMask = 2147483647;
			files = (
			);
			runOnlyForDeploymentPostprocessing = 0;
		};
/* End PBXFrameworksBuildPhase section */

/* Begin PBXGroup section */
		FE3CF3352378B7400024591B = {
			isa = PBXGroup;
			children = (
				FE3CF3402378B7400024591B /* ImageClassifier */,
				FE3CF33F2378B7400024591B /* Products */,
			);
			sourceTree = "<group>";
		};
		FE3CF33F2378B7400024591B /* Products */ = {
			isa = PBXGroup;
			children = (
				FE3CF33E2378B7400024591B /* ImageClassifier.app */,
			);
			name = Products;
			sourceTree = "<group>";
		};
		FE3CF3402378B7400024591B /* ImageClassifier */ = {
			isa = PBXGroup;
			children = (
				FE3CF3412378B7400024591B /* AppDelegate.swift */,
				FE3CF3432378B7400024591B /* SceneDelegate.swift */,
				FE3CF3482378B7400024591B /* ContentView.swift */,
				FE3CF34A2378B7430024591B /* Assets.xcassets */,
				FE3CF34F2378B7430024591B /* LaunchScreen.storyboard */,
				FE3CF3522378B7430024591B /* Info.plist */,
				FE3CF3452378B7400024591B /* ImageClassifier.xcdatamodeld */,
				FE3CF3582378B75B0024591B /* Resnet50.mlmodel */,
				FE3CF34C2378B7430024591B /* Preview Content */,
				FE3CF35A2378BC8A0024591B /* ImageDetctionViewModel.swift */,
				FE3CF35C2378BDEC0024591B /* ImageDetectionManager.swift */,
				FE3CF35E2378C0F80024591B /* UIImageExtension.swift */,
			);
			path = ImageClassifier;
			sourceTree = "<group>";
		};
		FE3CF34C2378B7430024591B /* Preview Content */ = {
			isa = PBXGroup;
			children = (
				FE3CF34D2378B7430024591B /* Preview Assets.xcassets */,
			);
			path = "Preview Content";
			sourceTree = "<group>";
		};
/* End PBXGroup section */

/* Begin PBXNativeTarget section */
		FE3CF33D2378B7400024591B /* ImageClassifier */ = {
			isa = PBXNativeTarget;
			buildConfigurationList = FE3CF3552378B7430024591B /* Build configuration list for PBXNativeTarget "ImageClassifier" */;
			buildPhases = (
				FE3CF33A2378B7400024591B /* Sources */,
				FE3CF33B2378B7400024591B /* Frameworks */,
				FE3CF33C2378B7400024591B /* Resources */,
			);
			buildRules = (
			);
			dependencies = (
			);
			name = ImageClassifier;
			productName = ImageClassifier;
			productReference = FE3CF33E2378B7400024591B /* ImageClassifier.app */;
			productType = "com.apple.product-type.application";
		};
/* End PBXNativeTarget section */

/* Begin PBXProject section */
		FE3CF3362378B7400024591B /* Project object */ = {
			isa = PBXProject;
			attributes = {
				LastSwiftUpdateCheck = 1120;
				LastUpgradeCheck = 1120;
				ORGANIZATIONNAME = "Terry Dengis";
				TargetAttributes = {
					FE3CF33D2378B7400024591B = {
						CreatedOnToolsVersion = 11.2;
					};
				};
			};
			buildConfigurationList = FE3CF3392378B7400024591B /* Build configuration list for PBXProject "ImageClassifier" */;
			compatibilityVersion = "Xcode 9.3";
			developmentRegion = en;
			hasScannedForEncodings = 0;
			knownRegions = (
				en,
				Base,
			);
			mainGroup = FE3CF3352378B7400024591B;
			productRefGroup = FE3CF33F2378B7400024591B /* Products */;
			projectDirPath = "";
			projectRoot = "";
			targets = (
				FE3CF33D2378B7400024591B /* ImageClassifier */,
			);
		};
/* End PBXProject section */

/* Begin PBXResourcesBuildPhase section */
		FE3CF33C2378B7400024591B /* Resources */ = {
			isa = PBXResourcesBuildPhase;
			buildActionMask = 2147483647;
			files = (
				FE3CF3512378B7430024591B /* LaunchScreen.storyboard in Resources */,
				FE3CF34E2378B7430024591B /* Preview Assets.xcassets in Resources */,
				FE3CF34B2378B7430024591B /* Assets.xcassets in Resources */,
			);
			runOnlyForDeploymentPostprocessing = 0;
		};
/* End PBXResourcesBuildPhase section */

/* Begin PBXSourcesBuildPhase section */
		FE3CF33A2378B7400024591B /* Sources */ = {
			isa = PBXSourcesBuildPhase;
			buildActionMask = 2147483647;
			files = (
				FE3CF3592378B75B0024591B /* Resnet50.mlmodel in Sources */,
				FE3CF3422378B7400024591B /* AppDelegate.swift in Sources */,
				FE3CF35D2378BDEC0024591B /* ImageDetectionManager.swift in Sources */,
				FE3CF3442378B7400024591B /* SceneDelegate.swift in Sources */,
				FE3CF3492378B7400024591B /* ContentView.swift in Sources */,
				FE3CF3472378B7400024591B /* ImageClassifier.xcdatamodeld in Sources */,
				FE3CF35B2378BC8A0024591B /* ImageDetctionViewModel.swift in Sources */,
				FE3CF35F2378C0F80024591B /* UIImageExtension.swift in Sources */,
			);
			runOnlyForDeploymentPostprocessing = 0;
		};
/* End PBXSourcesBuildPhase section */

/* Begin PBXVariantGroup section */
		FE3CF34F2378B7430024591B /* LaunchScreen.storyboard */ = {
			isa = PBXVariantGroup;
			children = (
				FE3CF3502378B7430024591B /* Base */,
			);
			name = LaunchScreen.storyboard;
			sourceTree = "<group>";
		};
/* End PBXVariantGroup section */

/* Begin XCBuildConfiguration section */
		FE3CF3532378B7430024591B /* Debug */ = {
			isa = XCBuildConfiguration;
			buildSettings = {
				ALWAYS_SEARCH_USER_PATHS = NO;
				CLANG_ANALYZER_NONNULL = YES;
				CLANG_ANALYZER_NUMBER_OBJECT_CONVERSION = YES_AGGRESSIVE;
				CLANG_CXX_LANGUAGE_STANDARD = "gnu++14";
				CLANG_CXX_LIBRARY = "libc++";
				CLANG_ENABLE_MODULES = YES;
				CLANG_ENABLE_OBJC_ARC = YES;
				CLANG_ENABLE_OBJC_WEAK = YES;
				CLANG_WARN_BLOCK_CAPTURE_AUTORELEASING = YES;
				CLANG_WARN_BOOL_CONVERSION = YES;
				CLANG_WARN_COMMA = YES;
				CLANG_WARN_CONSTANT_CONVERSION = YES;
				CLANG_WARN_DEPRECATED_OBJC_IMPLEMENTATIONS = YES;
				CLANG_WARN_DIRECT_OBJC_ISA_USAGE = YES_ERROR;
				CLANG_WARN_DOCUMENTATION_COMMENTS = YES;
				CLANG_WARN_EMPTY_BODY = YES;
				CLANG_WARN_ENUM_CONVERSION = YES;
				CLANG_WARN_INFINITE_RECURSION = YES;
				CLANG_WARN_INT_CONVERSION = YES;
				CLANG_WARN_NON_LITERAL_NULL_CONVERSION = YES;
				CLANG_WARN_OBJC_IMPLICIT_RETAIN_SELF = YES;
				CLANG_WARN_OBJC_LITERAL_CONVERSION = YES;
				CLANG_WARN_OBJC_ROOT_CLASS = YES_ERROR;
				CLANG_WARN_RANGE_LOOP_ANALYSIS = YES;
				CLANG_WARN_STRICT_PROTOTYPES = YES;
				CLANG_WARN_SUSPICIOUS_MOVE = YES;
				CLANG_WARN_UNGUARDED_AVAILABILITY = YES_AGGRESSIVE;
				CLANG_WARN_UNREACHABLE_CODE = YES;
				CLANG_WARN__DUPLICATE_METHOD_MATCH = YES;
				COPY_PHASE_STRIP = NO;
				DEBUG_INFORMATION_FORMAT = dwarf;
				ENABLE_STRICT_OBJC_MSGSEND = YES;
				ENABLE_TESTABILITY = YES;
				GCC_C_LANGUAGE_STANDARD = gnu11;
				GCC_DYNAMIC_NO_PIC = NO;
				GCC_NO_COMMON_BLOCKS = YES;
				GCC_OPTIMIZATION_LEVEL = 0;
				GCC_PREPROCESSOR_DEFINITIONS = (
					"DEBUG=1",
					"$(inherited)",
				);
				GCC_WARN_64_TO_32_BIT_CONVERSION = YES;
				GCC_WARN_ABOUT_RETURN_TYPE = YES_ERROR;
				GCC_WARN_UNDECLARED_SELECTOR = YES;
				GCC_WARN_UNINITIALIZED_AUTOS = YES_AGGRESSIVE;
				GCC_WARN_UNUSED_FUNCTION = YES;
				GCC_WARN_UNUSED_VARIABLE = YES;
				IPHONEOS_DEPLOYMENT_TARGET = 13.2;
				MTL_ENABLE_DEBUG_INFO = INCLUDE_SOURCE;
				MTL_FAST_MATH = YES;
				ONLY_ACTIVE_ARCH = YES;
				SDKROOT = iphoneos;
				SWIFT_ACTIVE_COMPILATION_CONDITIONS = DEBUG;
				SWIFT_OPTIMIZATION_LEVEL = "-Onone";
			};
			name = Debug;
		};
		FE3CF3542378B7430024591B /* Release */ = {
			isa = XCBuildConfiguration;
			buildSettings = {
				ALWAYS_SEARCH_USER_PATHS = NO;
				CLANG_ANALYZER_NONNULL = YES;
				CLANG_ANALYZER_NUMBER_OBJECT_CONVERSION = YES_AGGRESSIVE;
				CLANG_CXX_LANGUAGE_STANDARD = "gnu++14";
				CLANG_CXX_LIBRARY = "libc++";
				CLANG_ENABLE_MODULES = YES;
				CLANG_ENABLE_OBJC_ARC = YES;
				CLANG_ENABLE_OBJC_WEAK = YES;
				CLANG_WARN_BLOCK_CAPTURE_AUTORELEASING = YES;
				CLANG_WARN_BOOL_CONVERSION = YES;
				CLANG_WARN_COMMA = YES;
				CLANG_WARN_CONSTANT_CONVERSION = YES;
				CLANG_WARN_DEPRECATED_OBJC_IMPLEMENTATIONS = YES;
				CLANG_WARN_DIRECT_OBJC_ISA_USAGE = YES_ERROR;
				CLANG_WARN_DOCUMENTATION_COMMENTS = YES;
				CLANG_WARN_EMPTY_BODY = YES;
				CLANG_WARN_ENUM_CONVERSION = YES;
				CLANG_WARN_INFINITE_RECURSION = YES;
				CLANG_WARN_INT_CONVERSION = YES;
				CLANG_WARN_NON_LITERAL_NULL_CONVERSION = YES;
				CLANG_WARN_OBJC_IMPLICIT_RETAIN_SELF = YES;
				CLANG_WARN_OBJC_LITERAL_CONVERSION = YES;
				CLANG_WARN_OBJC_ROOT_CLASS = YES_ERROR;
				CLANG_WARN_RANGE_LOOP_ANALYSIS = YES;
				CLANG_WARN_STRICT_PROTOTYPES = YES;
				CLANG_WARN_SUSPICIOUS_MOVE = YES;
				CLANG_WARN_UNGUARDED_AVAILABILITY = YES_AGGRESSIVE;
				CLANG_WARN_UNREACHABLE_CODE = YES;
				CLANG_WARN__DUPLICATE_METHOD_MATCH = YES;
				COPY_PHASE_STRIP = NO;
				DEBUG_INFORMATION_FORMAT = "dwarf-with-dsym";
				ENABLE_NS_ASSERTIONS = NO;
				ENABLE_STRICT_OBJC_MSGSEND = YES;
				GCC_C_LANGUAGE_STANDARD = gnu11;
				GCC_NO_COMMON_BLOCKS = YES;
				GCC_WARN_64_TO_32_BIT_CONVERSION = YES;
				GCC_WARN_ABOUT_RETURN_TYPE = YES_ERROR;
				GCC_WARN_UNDECLARED_SELECTOR = YES;
				GCC_WARN_UNINITIALIZED_AUTOS = YES_AGGRESSIVE;
				GCC_WARN_UNUSED_FUNCTION = YES;
				GCC_WARN_UNUSED_VARIABLE = YES;
				IPHONEOS_DEPLOYMENT_TARGET = 13.2;
				MTL_ENABLE_DEBUG_INFO = NO;
				MTL_FAST_MATH = YES;
				SDKROOT = iphoneos;
				SWIFT_COMPILATION_MODE = wholemodule;
				SWIFT_OPTIMIZATION_LEVEL = "-O";
				VALIDATE_PRODUCT = YES;
			};
			name = Release;
		};
		FE3CF3562378B7430024591B /* Debug */ = {
			isa = XCBuildConfiguration;
			buildSettings = {
				ASSETCATALOG_COMPILER_APPICON_NAME = AppIcon;
				CODE_SIGN_STYLE = Automatic;
				DEVELOPMENT_ASSET_PATHS = "\"ImageClassifier/Preview Content\"";
				DEVELOPMENT_TEAM = 8WA3Q4R937;
				ENABLE_PREVIEWS = YES;
				INFOPLIST_FILE = ImageClassifier/Info.plist;
				LD_RUNPATH_SEARCH_PATHS = (
					"$(inherited)",
					"@executable_path/Frameworks",
				);
				PRODUCT_BUNDLE_IDENTIFIER = com.Wavelength.ImageClassifier;
				PRODUCT_NAME = "$(TARGET_NAME)";
				SWIFT_VERSION = 5.0;
				TARGETED_DEVICE_FAMILY = "1,2";
			};
			name = Debug;
		};
		FE3CF3572378B7430024591B /* Release */ = {
			isa = XCBuildConfiguration;
			buildSettings = {
				ASSETCATALOG_COMPILER_APPICON_NAME = AppIcon;
				CODE_SIGN_STYLE = Automatic;
				DEVELOPMENT_ASSET_PATHS = "\"ImageClassifier/Preview Content\"";
				DEVELOPMENT_TEAM = 8WA3Q4R937;
				ENABLE_PREVIEWS = YES;
				INFOPLIST_FILE = ImageClassifier/Info.plist;
				LD_RUNPATH_SEARCH_PATHS = (
					"$(inherited)",
					"@executable_path/Frameworks",
				);
				PRODUCT_BUNDLE_IDENTIFIER = com.Wavelength.ImageClassifier;
				PRODUCT_NAME = "$(TARGET_NAME)";
				SWIFT_VERSION = 5.0;
				TARGETED_DEVICE_FAMILY = "1,2";
			};
			name = Release;
		};
/* End XCBuildConfiguration section */

/* Begin XCConfigurationList section */
		FE3CF3392378B7400024591B /* Build configuration list for PBXProject "ImageClassifier" */ = {
			isa = XCConfigurationList;
			buildConfigurations = (
				FE3CF3532378B7430024591B /* Debug */,
				FE3CF3542378B7430024591B /* Release */,
			);
			defaultConfigurationIsVisible = 0;
			defaultConfigurationName = Release;
		};
		FE3CF3552378B7430024591B /* Build configuration list for PBXNativeTarget "ImageClassifier" */ = {
			isa = XCConfigurationList;
			buildConfigurations = (
				FE3CF3562378B7430024591B /* Debug */,
				FE3CF3572378B7430024591B /* Release */,
			);
			defaultConfigurationIsVisible = 0;
			defaultConfigurationName = Release;
		};
/* End XCConfigurationList section */

/* Begin XCVersionGroup section */
		FE3CF3452378B7400024591B /* ImageClassifier.xcdatamodeld */ = {
			isa = XCVersionGroup;
			children = (
				FE3CF3462378B7400024591B /* ImageClassifier.xcdatamodel */,
			);
			currentVersion = FE3CF3462378B7400024591B /* ImageClassifier.xcdatamodel */;
			path = ImageClassifier.xcdatamodeld;
			sourceTree = "<group>";
			versionGroupType = wrapper.xcdatamodel;
		};
/* End XCVersionGroup section */
	};
	rootObject = FE3CF3362378B7400024591B /* Project object */;
}
