// !$*UTF8*$!
{
	archiveVersion = 1;
	classes = {
	};
	objectVersion = 50;
	objects = {

/* Begin PBXBuildFile section */
		FEBE7E14234CFA3C00FD4965 /* AppDelegate.swift in Sources */ = {isa = PBXBuildFile; fileRef = FEBE7E13234CFA3C00FD4965 /* AppDelegate.swift */; };
		FEBE7E16234CFA3C00FD4965 /* SceneDelegate.swift in Sources */ = {isa = PBXBuildFile; fileRef = FEBE7E15234CFA3C00FD4965 /* SceneDelegate.swift */; };
		FEBE7E18234CFA3C00FD4965 /* ContentView.swift in Sources */ = {isa = PBXBuildFile; fileRef = FEBE7E17234CFA3C00FD4965 /* ContentView.swift */; };
		FEBE7E1A234CFA4000FD4965 /* Assets.xcassets in Resources */ = {isa = PBXBuildFile; fileRef = FEBE7E19234CFA4000FD4965 /* Assets.xcassets */; };
		FEBE7E1D234CFA4000FD4965 /* Preview Assets.xcassets in Resources */ = {isa = PBXBuildFile; fileRef = FEBE7E1C234CFA4000FD4965 /* Preview Assets.xcassets */; };
		FEBE7E20234CFA4000FD4965 /* LaunchScreen.storyboard in Resources */ = {isa = PBXBuildFile; fileRef = FEBE7E1E234CFA4000FD4965 /* LaunchScreen.storyboard */; };
/* End PBXBuildFile section */

/* Begin PBXFileReference section */
		FEBE7E10234CFA3C00FD4965 /* SwiftUI_first.app */ = {isa = PBXFileReference; explicitFileType = wrapper.application; includeInIndex = 0; path = SwiftUI_first.app; sourceTree = BUILT_PRODUCTS_DIR; };
		FEBE7E13234CFA3C00FD4965 /* AppDelegate.swift */ = {isa = PBXFileReference; lastKnownFileType = sourcecode.swift; path = AppDelegate.swift; sourceTree = "<group>"; };
		FEBE7E15234CFA3C00FD4965 /* SceneDelegate.swift */ = {isa = PBXFileReference; lastKnownFileType = sourcecode.swift; path = SceneDelegate.swift; sourceTree = "<group>"; };
		FEBE7E17234CFA3C00FD4965 /* ContentView.swift */ = {isa = PBXFileReference; lastKnownFileType = sourcecode.swift; path = ContentView.swift; sourceTree = "<group>"; };
		FEBE7E19234CFA4000FD4965 /* Assets.xcassets */ = {isa = PBXFileReference; lastKnownFileType = folder.assetcatalog; path = Assets.xcassets; sourceTree = "<group>"; };
		FEBE7E1C234CFA4000FD4965 /* Preview Assets.xcassets */ = {isa = PBXFileReference; lastKnownFileType = folder.assetcatalog; path = "Preview Assets.xcassets"; sourceTree = "<group>"; };
		FEBE7E1F234CFA4000FD4965 /* Base */ = {isa = PBXFileReference; lastKnownFileType = file.storyboard; name = Base; path = Base.lproj/LaunchScreen.storyboard; sourceTree = "<group>"; };
		FEBE7E21234CFA4000FD4965 /* Info.plist */ = {isa = PBXFileReference; lastKnownFileType = text.plist.xml; path = Info.plist; sourceTree = "<group>"; };
/* End PBXFileReference section */

/* Begin PBXFrameworksBuildPhase section */
		FEBE7E0D234CFA3C00FD4965 /* Frameworks */ = {
			isa = PBXFrameworksBuildPhase;
			buildActionMask = 2147483647;
			files = (
			);
			runOnlyForDeploymentPostprocessing = 0;
		};
/* End PBXFrameworksBuildPhase section */

/* Begin PBXGroup section */
		FEBE7E07234CFA3C00FD4965 = {
			isa = PBXGroup;
			children = (
				FEBE7E12234CFA3C00FD4965 /* SwiftUI_first */,
				FEBE7E11234CFA3C00FD4965 /* Products */,
			);
			sourceTree = "<group>";
		};
		FEBE7E11234CFA3C00FD4965 /* Products */ = {
			isa = PBXGroup;
			children = (
				FEBE7E10234CFA3C00FD4965 /* SwiftUI_first.app */,
			);
			name = Products;
			sourceTree = "<group>";
		};
		FEBE7E12234CFA3C00FD4965 /* SwiftUI_first */ = {
			isa = PBXGroup;
			children = (
				FEBE7E13234CFA3C00FD4965 /* AppDelegate.swift */,
				FEBE7E15234CFA3C00FD4965 /* SceneDelegate.swift */,
				FEBE7E17234CFA3C00FD4965 /* ContentView.swift */,
				FEBE7E19234CFA4000FD4965 /* Assets.xcassets */,
				FEBE7E1E234CFA4000FD4965 /* LaunchScreen.storyboard */,
				FEBE7E21234CFA4000FD4965 /* Info.plist */,
				FEBE7E1B234CFA4000FD4965 /* Preview Content */,
			);
			path = SwiftUI_first;
			sourceTree = "<group>";
		};
		FEBE7E1B234CFA4000FD4965 /* Preview Content */ = {
			isa = PBXGroup;
			children = (
				FEBE7E1C234CFA4000FD4965 /* Preview Assets.xcassets */,
			);
			path = "Preview Content";
			sourceTree = "<group>";
		};
/* End PBXGroup section */

/* Begin PBXNativeTarget section */
		FEBE7E0F234CFA3C00FD4965 /* SwiftUI_first */ = {
			isa = PBXNativeTarget;
			buildConfigurationList = FEBE7E24234CFA4000FD4965 /* Build configuration list for PBXNativeTarget "SwiftUI_first" */;
			buildPhases = (
				FEBE7E0C234CFA3C00FD4965 /* Sources */,
				FEBE7E0D234CFA3C00FD4965 /* Frameworks */,
				FEBE7E0E234CFA3C00FD4965 /* Resources */,
			);
			buildRules = (
			);
			dependencies = (
			);
			name = SwiftUI_first;
			productName = SwiftUI_first;
			productReference = FEBE7E10234CFA3C00FD4965 /* SwiftUI_first.app */;
			productType = "com.apple.product-type.application";
		};
/* End PBXNativeTarget section */

/* Begin PBXProject section */
		FEBE7E08234CFA3C00FD4965 /* Project object */ = {
			isa = PBXProject;
			attributes = {
				LastSwiftUpdateCheck = 1100;
				LastUpgradeCheck = 1100;
				ORGANIZATIONNAME = "Terry Dengis";
				TargetAttributes = {
					FEBE7E0F234CFA3C00FD4965 = {
						CreatedOnToolsVersion = 11.0;
					};
				};
			};
			buildConfigurationList = FEBE7E0B234CFA3C00FD4965 /* Build configuration list for PBXProject "SwiftUI_first" */;
			compatibilityVersion = "Xcode 9.3";
			developmentRegion = en;
			hasScannedForEncodings = 0;
			knownRegions = (
				en,
				Base,
			);
			mainGroup = FEBE7E07234CFA3C00FD4965;
			productRefGroup = FEBE7E11234CFA3C00FD4965 /* Products */;
			projectDirPath = "";
			projectRoot = "";
			targets = (
				FEBE7E0F234CFA3C00FD4965 /* SwiftUI_first */,
			);
		};
/* End PBXProject section */

/* Begin PBXResourcesBuildPhase section */
		FEBE7E0E234CFA3C00FD4965 /* Resources */ = {
			isa = PBXResourcesBuildPhase;
			buildActionMask = 2147483647;
			files = (
				FEBE7E20234CFA4000FD4965 /* LaunchScreen.storyboard in Resources */,
				FEBE7E1D234CFA4000FD4965 /* Preview Assets.xcassets in Resources */,
				FEBE7E1A234CFA4000FD4965 /* Assets.xcassets in Resources */,
			);
			runOnlyForDeploymentPostprocessing = 0;
		};
/* End PBXResourcesBuildPhase section */

/* Begin PBXSourcesBuildPhase section */
		FEBE7E0C234CFA3C00FD4965 /* Sources */ = {
			isa = PBXSourcesBuildPhase;
			buildActionMask = 2147483647;
			files = (
				FEBE7E14234CFA3C00FD4965 /* AppDelegate.swift in Sources */,
				FEBE7E16234CFA3C00FD4965 /* SceneDelegate.swift in Sources */,
				FEBE7E18234CFA3C00FD4965 /* ContentView.swift in Sources */,
			);
			runOnlyForDeploymentPostprocessing = 0;
		};
/* End PBXSourcesBuildPhase section */

/* Begin PBXVariantGroup section */
		FEBE7E1E234CFA4000FD4965 /* LaunchScreen.storyboard */ = {
			isa = PBXVariantGroup;
			children = (
				FEBE7E1F234CFA4000FD4965 /* Base */,
			);
			name = LaunchScreen.storyboard;
			sourceTree = "<group>";
		};
/* End PBXVariantGroup section */

/* Begin XCBuildConfiguration section */
		FEBE7E22234CFA4000FD4965 /* Debug */ = {
			isa = XCBuildConfiguration;
			buildSettings = {
				ALWAYS_SEARCH_USER_PATHS = NO;
				CLANG_ANALYZER_NONNULL = YES;
				CLANG_ANALYZER_NUMBER_OBJECT_CONVERSION = YES_AGGRESSIVE;
				CLANG_CXX_LANGUAGE_STANDARD = "gnu++14";
				CLANG_CXX_LIBRARY = "libc++";
				CLANG_ENABLE_MODULES = YES;
				CLANG_ENABLE_OBJC_ARC = YES;
				CLANG_ENABLE_OBJC_WEAK = YES;
				CLANG_WARN_BLOCK_CAPTURE_AUTORELEASING = YES;
				CLANG_WARN_BOOL_CONVERSION = YES;
				CLANG_WARN_COMMA = YES;
				CLANG_WARN_CONSTANT_CONVERSION = YES;
				CLANG_WARN_DEPRECATED_OBJC_IMPLEMENTATIONS = YES;
				CLANG_WARN_DIRECT_OBJC_ISA_USAGE = YES_ERROR;
				CLANG_WARN_DOCUMENTATION_COMMENTS = YES;
				CLANG_WARN_EMPTY_BODY = YES;
				CLANG_WARN_ENUM_CONVERSION = YES;
				CLANG_WARN_INFINITE_RECURSION = YES;
				CLANG_WARN_INT_CONVERSION = YES;
				CLANG_WARN_NON_LITERAL_NULL_CONVERSION = YES;
				CLANG_WARN_OBJC_IMPLICIT_RETAIN_SELF = YES;
				CLANG_WARN_OBJC_LITERAL_CONVERSION = YES;
				CLANG_WARN_OBJC_ROOT_CLASS = YES_ERROR;
				CLANG_WARN_RANGE_LOOP_ANALYSIS = YES;
				CLANG_WARN_STRICT_PROTOTYPES = YES;
				CLANG_WARN_SUSPICIOUS_MOVE = YES;
				CLANG_WARN_UNGUARDED_AVAILABILITY = YES_AGGRESSIVE;
				CLANG_WARN_UNREACHABLE_CODE = YES;
				CLANG_WARN__DUPLICATE_METHOD_MATCH = YES;
				COPY_PHASE_STRIP = NO;
				DEBUG_INFORMATION_FORMAT = dwarf;
				ENABLE_STRICT_OBJC_MSGSEND = YES;
				ENABLE_TESTABILITY = YES;
				GCC_C_LANGUAGE_STANDARD = gnu11;
				GCC_DYNAMIC_NO_PIC = NO;
				GCC_NO_COMMON_BLOCKS = YES;
				GCC_OPTIMIZATION_LEVEL = 0;
				GCC_PREPROCESSOR_DEFINITIONS = (
					"DEBUG=1",
					"$(inherited)",
				);
				GCC_WARN_64_TO_32_BIT_CONVERSION = YES;
				GCC_WARN_ABOUT_RETURN_TYPE = YES_ERROR;
				GCC_WARN_UNDECLARED_SELECTOR = YES;
				GCC_WARN_UNINITIALIZED_AUTOS = YES_AGGRESSIVE;
				GCC_WARN_UNUSED_FUNCTION = YES;
				GCC_WARN_UNUSED_VARIABLE = YES;
				IPHONEOS_DEPLOYMENT_TARGET = 13.0;
				MTL_ENABLE_DEBUG_INFO = INCLUDE_SOURCE;
				MTL_FAST_MATH = YES;
				ONLY_ACTIVE_ARCH = YES;
				SDKROOT = iphoneos;
				SWIFT_ACTIVE_COMPILATION_CONDITIONS = DEBUG;
				SWIFT_OPTIMIZATION_LEVEL = "-Onone";
			};
			name = Debug;
		};
		FEBE7E23234CFA4000FD4965 /* Release */ = {
			isa = XCBuildConfiguration;
			buildSettings = {
				ALWAYS_SEARCH_USER_PATHS = NO;
				CLANG_ANALYZER_NONNULL = YES;
				CLANG_ANALYZER_NUMBER_OBJECT_CONVERSION = YES_AGGRESSIVE;
				CLANG_CXX_LANGUAGE_STANDARD = "gnu++14";
				CLANG_CXX_LIBRARY = "libc++";
				CLANG_ENABLE_MODULES = YES;
				CLANG_ENABLE_OBJC_ARC = YES;
				CLANG_ENABLE_OBJC_WEAK = YES;
				CLANG_WARN_BLOCK_CAPTURE_AUTORELEASING = YES;
				CLANG_WARN_BOOL_CONVERSION = YES;
				CLANG_WARN_COMMA = YES;
				CLANG_WARN_CONSTANT_CONVERSION = YES;
				CLANG_WARN_DEPRECATED_OBJC_IMPLEMENTATIONS = YES;
				CLANG_WARN_DIRECT_OBJC_ISA_USAGE = YES_ERROR;
				CLANG_WARN_DOCUMENTATION_COMMENTS = YES;
				CLANG_WARN_EMPTY_BODY = YES;
				CLANG_WARN_ENUM_CONVERSION = YES;
				CLANG_WARN_INFINITE_RECURSION = YES;
				CLANG_WARN_INT_CONVERSION = YES;
				CLANG_WARN_NON_LITERAL_NULL_CONVERSION = YES;
				CLANG_WARN_OBJC_IMPLICIT_RETAIN_SELF = YES;
				CLANG_WARN_OBJC_LITERAL_CONVERSION = YES;
				CLANG_WARN_OBJC_ROOT_CLASS = YES_ERROR;
				CLANG_WARN_RANGE_LOOP_ANALYSIS = YES;
				CLANG_WARN_STRICT_PROTOTYPES = YES;
				CLANG_WARN_SUSPICIOUS_MOVE = YES;
				CLANG_WARN_UNGUARDED_AVAILABILITY = YES_AGGRESSIVE;
				CLANG_WARN_UNREACHABLE_CODE = YES;
				CLANG_WARN__DUPLICATE_METHOD_MATCH = YES;
				COPY_PHASE_STRIP = NO;
				DEBUG_INFORMATION_FORMAT = "dwarf-with-dsym";
				ENABLE_NS_ASSERTIONS = NO;
				ENABLE_STRICT_OBJC_MSGSEND = YES;
				GCC_C_LANGUAGE_STANDARD = gnu11;
				GCC_NO_COMMON_BLOCKS = YES;
				GCC_WARN_64_TO_32_BIT_CONVERSION = YES;
				GCC_WARN_ABOUT_RETURN_TYPE = YES_ERROR;
				GCC_WARN_UNDECLARED_SELECTOR = YES;
				GCC_WARN_UNINITIALIZED_AUTOS = YES_AGGRESSIVE;
				GCC_WARN_UNUSED_FUNCTION = YES;
				GCC_WARN_UNUSED_VARIABLE = YES;
				IPHONEOS_DEPLOYMENT_TARGET = 13.0;
				MTL_ENABLE_DEBUG_INFO = NO;
				MTL_FAST_MATH = YES;
				SDKROOT = iphoneos;
				SWIFT_COMPILATION_MODE = wholemodule;
				SWIFT_OPTIMIZATION_LEVEL = "-O";
				VALIDATE_PRODUCT = YES;
			};
			name = Release;
		};
		FEBE7E25234CFA4000FD4965 /* Debug */ = {
			isa = XCBuildConfiguration;
			buildSettings = {
				ASSETCATALOG_COMPILER_APPICON_NAME = AppIcon;
				CODE_SIGN_STYLE = Automatic;
				DEVELOPMENT_ASSET_PATHS = "\"SwiftUI_first/Preview Content\"";
				DEVELOPMENT_TEAM = 8WA3Q4R937;
				ENABLE_PREVIEWS = YES;
				INFOPLIST_FILE = SwiftUI_first/Info.plist;
				LD_RUNPATH_SEARCH_PATHS = (
					"$(inherited)",
					"@executable_path/Frameworks",
				);
				PRODUCT_BUNDLE_IDENTIFIER = "com.Wavelength.SwiftUI-first";
				PRODUCT_NAME = "$(TARGET_NAME)";
				SWIFT_VERSION = 5.0;
				TARGETED_DEVICE_FAMILY = "1,2";
			};
			name = Debug;
		};
		FEBE7E26234CFA4000FD4965 /* Release */ = {
			isa = XCBuildConfiguration;
			buildSettings = {
				ASSETCATALOG_COMPILER_APPICON_NAME = AppIcon;
				CODE_SIGN_STYLE = Automatic;
				DEVELOPMENT_ASSET_PATHS = "\"SwiftUI_first/Preview Content\"";
				DEVELOPMENT_TEAM = 8WA3Q4R937;
				ENABLE_PREVIEWS = YES;
				INFOPLIST_FILE = SwiftUI_first/Info.plist;
				LD_RUNPATH_SEARCH_PATHS = (
					"$(inherited)",
					"@executable_path/Frameworks",
				);
				PRODUCT_BUNDLE_IDENTIFIER = "com.Wavelength.SwiftUI-first";
				PRODUCT_NAME = "$(TARGET_NAME)";
				SWIFT_VERSION = 5.0;
				TARGETED_DEVICE_FAMILY = "1,2";
			};
			name = Release;
		};
/* End XCBuildConfiguration section */

/* Begin XCConfigurationList section */
		FEBE7E0B234CFA3C00FD4965 /* Build configuration list for PBXProject "SwiftUI_first" */ = {
			isa = XCConfigurationList;
			buildConfigurations = (
				FEBE7E22234CFA4000FD4965 /* Debug */,
				FEBE7E23234CFA4000FD4965 /* Release */,
			);
			defaultConfigurationIsVisible = 0;
			defaultConfigurationName = Release;
		};
		FEBE7E24234CFA4000FD4965 /* Build configuration list for PBXNativeTarget "SwiftUI_first" */ = {
			isa = XCConfigurationList;
			buildConfigurations = (
				FEBE7E25234CFA4000FD4965 /* Debug */,
				FEBE7E26234CFA4000FD4965 /* Release */,
			);
			defaultConfigurationIsVisible = 0;
			defaultConfigurationName = Release;
		};
/* End XCConfigurationList section */
	};
	rootObject = FEBE7E08234CFA3C00FD4965 /* Project object */;
}
