// !$*UTF8*$!
{
	archiveVersion = 1;
	classes = {
	};
	objectVersion = 50;
	objects = {

/* Begin PBXBuildFile section */
		FE7128B3251057B80060E2D7 /* AppDelegate.swift in Sources */ = {isa = PBXBuildFile; fileRef = FE7128B2251057B80060E2D7 /* AppDelegate.swift */; };
		FE7128B5251057B80060E2D7 /* SceneDelegate.swift in Sources */ = {isa = PBXBuildFile; fileRef = FE7128B4251057B80060E2D7 /* SceneDelegate.swift */; };
		FE7128B8251057B80060E2D7 /* Bookworm.xcdatamodeld in Sources */ = {isa = PBXBuildFile; fileRef = FE7128B6251057B80060E2D7 /* Bookworm.xcdatamodeld */; };
		FE7128BA251057B80060E2D7 /* ContentView.swift in Sources */ = {isa = PBXBuildFile; fileRef = FE7128B9251057B80060E2D7 /* ContentView.swift */; };
		FE7128BC251057B80060E2D7 /* Assets.xcassets in Resources */ = {isa = PBXBuildFile; fileRef = FE7128BB251057B80060E2D7 /* Assets.xcassets */; };
		FE7128BF251057B90060E2D7 /* Preview Assets.xcassets in Resources */ = {isa = PBXBuildFile; fileRef = FE7128BE251057B90060E2D7 /* Preview Assets.xcassets */; };
		FE7128C2251057B90060E2D7 /* LaunchScreen.storyboard in Resources */ = {isa = PBXBuildFile; fileRef = FE7128C0251057B90060E2D7 /* LaunchScreen.storyboard */; };
		FE7128CA25105F5D0060E2D7 /* AddBookView.swift in Sources */ = {isa = PBXBuildFile; fileRef = FE7128C925105F5D0060E2D7 /* AddBookView.swift */; };
		FEAB691C25114A3700BB8914 /* RatingView.swift in Sources */ = {isa = PBXBuildFile; fileRef = FEAB691B25114A3700BB8914 /* RatingView.swift */; };
		FEAB691E25114EF700BB8914 /* EmojiRatingView.swift in Sources */ = {isa = PBXBuildFile; fileRef = FEAB691D25114EF700BB8914 /* EmojiRatingView.swift */; };
		FEAB69212511609600BB8914 /* DetailView.swift in Sources */ = {isa = PBXBuildFile; fileRef = FEAB69202511609600BB8914 /* DetailView.swift */; };
/* End PBXBuildFile section */

/* Begin PBXFileReference section */
		FE7128AF251057B80060E2D7 /* Bookworm.app */ = {isa = PBXFileReference; explicitFileType = wrapper.application; includeInIndex = 0; path = Bookworm.app; sourceTree = BUILT_PRODUCTS_DIR; };
		FE7128B2251057B80060E2D7 /* AppDelegate.swift */ = {isa = PBXFileReference; lastKnownFileType = sourcecode.swift; path = AppDelegate.swift; sourceTree = "<group>"; };
		FE7128B4251057B80060E2D7 /* SceneDelegate.swift */ = {isa = PBXFileReference; lastKnownFileType = sourcecode.swift; path = SceneDelegate.swift; sourceTree = "<group>"; };
		FE7128B7251057B80060E2D7 /* Bookworm.xcdatamodel */ = {isa = PBXFileReference; lastKnownFileType = wrapper.xcdatamodel; path = Bookworm.xcdatamodel; sourceTree = "<group>"; };
		FE7128B9251057B80060E2D7 /* ContentView.swift */ = {isa = PBXFileReference; lastKnownFileType = sourcecode.swift; path = ContentView.swift; sourceTree = "<group>"; };
		FE7128BB251057B80060E2D7 /* Assets.xcassets */ = {isa = PBXFileReference; lastKnownFileType = folder.assetcatalog; path = Assets.xcassets; sourceTree = "<group>"; };
		FE7128BE251057B90060E2D7 /* Preview Assets.xcassets */ = {isa = PBXFileReference; lastKnownFileType = folder.assetcatalog; path = "Preview Assets.xcassets"; sourceTree = "<group>"; };
		FE7128C1251057B90060E2D7 /* Base */ = {isa = PBXFileReference; lastKnownFileType = file.storyboard; name = Base; path = Base.lproj/LaunchScreen.storyboard; sourceTree = "<group>"; };
		FE7128C3251057B90060E2D7 /* Info.plist */ = {isa = PBXFileReference; lastKnownFileType = text.plist.xml; path = Info.plist; sourceTree = "<group>"; };
		FE7128C925105F5D0060E2D7 /* AddBookView.swift */ = {isa = PBXFileReference; lastKnownFileType = sourcecode.swift; path = AddBookView.swift; sourceTree = "<group>"; };
		FEAB691B25114A3700BB8914 /* RatingView.swift */ = {isa = PBXFileReference; lastKnownFileType = sourcecode.swift; path = RatingView.swift; sourceTree = "<group>"; };
		FEAB691D25114EF700BB8914 /* EmojiRatingView.swift */ = {isa = PBXFileReference; lastKnownFileType = sourcecode.swift; path = EmojiRatingView.swift; sourceTree = "<group>"; };
		FEAB69202511609600BB8914 /* DetailView.swift */ = {isa = PBXFileReference; lastKnownFileType = sourcecode.swift; path = DetailView.swift; sourceTree = "<group>"; };
/* End PBXFileReference section */

/* Begin PBXFrameworksBuildPhase section */
		FE7128AC251057B80060E2D7 /* Frameworks */ = {
			isa = PBXFrameworksBuildPhase;
			buildActionMask = 2147483647;
			files = (
			);
			runOnlyForDeploymentPostprocessing = 0;
		};
/* End PBXFrameworksBuildPhase section */

/* Begin PBXGroup section */
		FE7128A6251057B80060E2D7 = {
			isa = PBXGroup;
			children = (
				FE7128B1251057B80060E2D7 /* Bookworm */,
				FE7128B0251057B80060E2D7 /* Products */,
			);
			sourceTree = "<group>";
		};
		FE7128B0251057B80060E2D7 /* Products */ = {
			isa = PBXGroup;
			children = (
				FE7128AF251057B80060E2D7 /* Bookworm.app */,
			);
			name = Products;
			sourceTree = "<group>";
		};
		FE7128B1251057B80060E2D7 /* Bookworm */ = {
			isa = PBXGroup;
			children = (
				FEAB691F2511608200BB8914 /* New Group */,
				FE7128B2251057B80060E2D7 /* AppDelegate.swift */,
				FE7128B4251057B80060E2D7 /* SceneDelegate.swift */,
				FE7128B9251057B80060E2D7 /* ContentView.swift */,
				FE7128C925105F5D0060E2D7 /* AddBookView.swift */,
				FEAB691B25114A3700BB8914 /* RatingView.swift */,
				FEAB691D25114EF700BB8914 /* EmojiRatingView.swift */,
				FE7128BB251057B80060E2D7 /* Assets.xcassets */,
				FE7128C0251057B90060E2D7 /* LaunchScreen.storyboard */,
				FE7128C3251057B90060E2D7 /* Info.plist */,
				FE7128B6251057B80060E2D7 /* Bookworm.xcdatamodeld */,
				FE7128BD251057B90060E2D7 /* Preview Content */,
				FEAB69202511609600BB8914 /* DetailView.swift */,
			);
			path = Bookworm;
			sourceTree = "<group>";
		};
		FE7128BD251057B90060E2D7 /* Preview Content */ = {
			isa = PBXGroup;
			children = (
				FE7128BE251057B90060E2D7 /* Preview Assets.xcassets */,
			);
			path = "Preview Content";
			sourceTree = "<group>";
		};
		FEAB691F2511608200BB8914 /* New Group */ = {
			isa = PBXGroup;
			children = (
			);
			path = "New Group";
			sourceTree = "<group>";
		};
/* End PBXGroup section */

/* Begin PBXNativeTarget section */
		FE7128AE251057B80060E2D7 /* Bookworm */ = {
			isa = PBXNativeTarget;
			buildConfigurationList = FE7128C6251057B90060E2D7 /* Build configuration list for PBXNativeTarget "Bookworm" */;
			buildPhases = (
				FE7128AB251057B80060E2D7 /* Sources */,
				FE7128AC251057B80060E2D7 /* Frameworks */,
				FE7128AD251057B80060E2D7 /* Resources */,
			);
			buildRules = (
			);
			dependencies = (
			);
			name = Bookworm;
			productName = Bookworm;
			productReference = FE7128AF251057B80060E2D7 /* Bookworm.app */;
			productType = "com.apple.product-type.application";
		};
/* End PBXNativeTarget section */

/* Begin PBXProject section */
		FE7128A7251057B80060E2D7 /* Project object */ = {
			isa = PBXProject;
			attributes = {
				LastSwiftUpdateCheck = 1170;
				LastUpgradeCheck = 1170;
				ORGANIZATIONNAME = "Terry Dengis";
				TargetAttributes = {
					FE7128AE251057B80060E2D7 = {
						CreatedOnToolsVersion = 11.7;
					};
				};
			};
			buildConfigurationList = FE7128AA251057B80060E2D7 /* Build configuration list for PBXProject "Bookworm" */;
			compatibilityVersion = "Xcode 9.3";
			developmentRegion = en;
			hasScannedForEncodings = 0;
			knownRegions = (
				en,
				Base,
			);
			mainGroup = FE7128A6251057B80060E2D7;
			productRefGroup = FE7128B0251057B80060E2D7 /* Products */;
			projectDirPath = "";
			projectRoot = "";
			targets = (
				FE7128AE251057B80060E2D7 /* Bookworm */,
			);
		};
/* End PBXProject section */

/* Begin PBXResourcesBuildPhase section */
		FE7128AD251057B80060E2D7 /* Resources */ = {
			isa = PBXResourcesBuildPhase;
			buildActionMask = 2147483647;
			files = (
				FE7128C2251057B90060E2D7 /* LaunchScreen.storyboard in Resources */,
				FE7128BF251057B90060E2D7 /* Preview Assets.xcassets in Resources */,
				FE7128BC251057B80060E2D7 /* Assets.xcassets in Resources */,
			);
			runOnlyForDeploymentPostprocessing = 0;
		};
/* End PBXResourcesBuildPhase section */

/* Begin PBXSourcesBuildPhase section */
		FE7128AB251057B80060E2D7 /* Sources */ = {
			isa = PBXSourcesBuildPhase;
			buildActionMask = 2147483647;
			files = (
				FE7128B3251057B80060E2D7 /* AppDelegate.swift in Sources */,
				FEAB69212511609600BB8914 /* DetailView.swift in Sources */,
				FE7128B8251057B80060E2D7 /* Bookworm.xcdatamodeld in Sources */,
				FEAB691E25114EF700BB8914 /* EmojiRatingView.swift in Sources */,
				FE7128BA251057B80060E2D7 /* ContentView.swift in Sources */,
				FEAB691C25114A3700BB8914 /* RatingView.swift in Sources */,
				FE7128B5251057B80060E2D7 /* SceneDelegate.swift in Sources */,
				FE7128CA25105F5D0060E2D7 /* AddBookView.swift in Sources */,
			);
			runOnlyForDeploymentPostprocessing = 0;
		};
/* End PBXSourcesBuildPhase section */

/* Begin PBXVariantGroup section */
		FE7128C0251057B90060E2D7 /* LaunchScreen.storyboard */ = {
			isa = PBXVariantGroup;
			children = (
				FE7128C1251057B90060E2D7 /* Base */,
			);
			name = LaunchScreen.storyboard;
			sourceTree = "<group>";
		};
/* End PBXVariantGroup section */

/* Begin XCBuildConfiguration section */
		FE7128C4251057B90060E2D7 /* Debug */ = {
			isa = XCBuildConfiguration;
			buildSettings = {
				ALWAYS_SEARCH_USER_PATHS = NO;
				CLANG_ANALYZER_NONNULL = YES;
				CLANG_ANALYZER_NUMBER_OBJECT_CONVERSION = YES_AGGRESSIVE;
				CLANG_CXX_LANGUAGE_STANDARD = "gnu++14";
				CLANG_CXX_LIBRARY = "libc++";
				CLANG_ENABLE_MODULES = YES;
				CLANG_ENABLE_OBJC_ARC = YES;
				CLANG_ENABLE_OBJC_WEAK = YES;
				CLANG_WARN_BLOCK_CAPTURE_AUTORELEASING = YES;
				CLANG_WARN_BOOL_CONVERSION = YES;
				CLANG_WARN_COMMA = YES;
				CLANG_WARN_CONSTANT_CONVERSION = YES;
				CLANG_WARN_DEPRECATED_OBJC_IMPLEMENTATIONS = YES;
				CLANG_WARN_DIRECT_OBJC_ISA_USAGE = YES_ERROR;
				CLANG_WARN_DOCUMENTATION_COMMENTS = YES;
				CLANG_WARN_EMPTY_BODY = YES;
				CLANG_WARN_ENUM_CONVERSION = YES;
				CLANG_WARN_INFINITE_RECURSION = YES;
				CLANG_WARN_INT_CONVERSION = YES;
				CLANG_WARN_NON_LITERAL_NULL_CONVERSION = YES;
				CLANG_WARN_OBJC_IMPLICIT_RETAIN_SELF = YES;
				CLANG_WARN_OBJC_LITERAL_CONVERSION = YES;
				CLANG_WARN_OBJC_ROOT_CLASS = YES_ERROR;
				CLANG_WARN_RANGE_LOOP_ANALYSIS = YES;
				CLANG_WARN_STRICT_PROTOTYPES = YES;
				CLANG_WARN_SUSPICIOUS_MOVE = YES;
				CLANG_WARN_UNGUARDED_AVAILABILITY = YES_AGGRESSIVE;
				CLANG_WARN_UNREACHABLE_CODE = YES;
				CLANG_WARN__DUPLICATE_METHOD_MATCH = YES;
				COPY_PHASE_STRIP = NO;
				DEBUG_INFORMATION_FORMAT = dwarf;
				ENABLE_STRICT_OBJC_MSGSEND = YES;
				ENABLE_TESTABILITY = YES;
				GCC_C_LANGUAGE_STANDARD = gnu11;
				GCC_DYNAMIC_NO_PIC = NO;
				GCC_NO_COMMON_BLOCKS = YES;
				GCC_OPTIMIZATION_LEVEL = 0;
				GCC_PREPROCESSOR_DEFINITIONS = (
					"DEBUG=1",
					"$(inherited)",
				);
				GCC_WARN_64_TO_32_BIT_CONVERSION = YES;
				GCC_WARN_ABOUT_RETURN_TYPE = YES_ERROR;
				GCC_WARN_UNDECLARED_SELECTOR = YES;
				GCC_WARN_UNINITIALIZED_AUTOS = YES_AGGRESSIVE;
				GCC_WARN_UNUSED_FUNCTION = YES;
				GCC_WARN_UNUSED_VARIABLE = YES;
				IPHONEOS_DEPLOYMENT_TARGET = 13.7;
				MTL_ENABLE_DEBUG_INFO = INCLUDE_SOURCE;
				MTL_FAST_MATH = YES;
				ONLY_ACTIVE_ARCH = YES;
				SDKROOT = iphoneos;
				SWIFT_ACTIVE_COMPILATION_CONDITIONS = DEBUG;
				SWIFT_OPTIMIZATION_LEVEL = "-Onone";
			};
			name = Debug;
		};
		FE7128C5251057B90060E2D7 /* Release */ = {
			isa = XCBuildConfiguration;
			buildSettings = {
				ALWAYS_SEARCH_USER_PATHS = NO;
				CLANG_ANALYZER_NONNULL = YES;
				CLANG_ANALYZER_NUMBER_OBJECT_CONVERSION = YES_AGGRESSIVE;
				CLANG_CXX_LANGUAGE_STANDARD = "gnu++14";
				CLANG_CXX_LIBRARY = "libc++";
				CLANG_ENABLE_MODULES = YES;
				CLANG_ENABLE_OBJC_ARC = YES;
				CLANG_ENABLE_OBJC_WEAK = YES;
				CLANG_WARN_BLOCK_CAPTURE_AUTORELEASING = YES;
				CLANG_WARN_BOOL_CONVERSION = YES;
				CLANG_WARN_COMMA = YES;
				CLANG_WARN_CONSTANT_CONVERSION = YES;
				CLANG_WARN_DEPRECATED_OBJC_IMPLEMENTATIONS = YES;
				CLANG_WARN_DIRECT_OBJC_ISA_USAGE = YES_ERROR;
				CLANG_WARN_DOCUMENTATION_COMMENTS = YES;
				CLANG_WARN_EMPTY_BODY = YES;
				CLANG_WARN_ENUM_CONVERSION = YES;
				CLANG_WARN_INFINITE_RECURSION = YES;
				CLANG_WARN_INT_CONVERSION = YES;
				CLANG_WARN_NON_LITERAL_NULL_CONVERSION = YES;
				CLANG_WARN_OBJC_IMPLICIT_RETAIN_SELF = YES;
				CLANG_WARN_OBJC_LITERAL_CONVERSION = YES;
				CLANG_WARN_OBJC_ROOT_CLASS = YES_ERROR;
				CLANG_WARN_RANGE_LOOP_ANALYSIS = YES;
				CLANG_WARN_STRICT_PROTOTYPES = YES;
				CLANG_WARN_SUSPICIOUS_MOVE = YES;
				CLANG_WARN_UNGUARDED_AVAILABILITY = YES_AGGRESSIVE;
				CLANG_WARN_UNREACHABLE_CODE = YES;
				CLANG_WARN__DUPLICATE_METHOD_MATCH = YES;
				COPY_PHASE_STRIP = NO;
				DEBUG_INFORMATION_FORMAT = "dwarf-with-dsym";
				ENABLE_NS_ASSERTIONS = NO;
				ENABLE_STRICT_OBJC_MSGSEND = YES;
				GCC_C_LANGUAGE_STANDARD = gnu11;
				GCC_NO_COMMON_BLOCKS = YES;
				GCC_WARN_64_TO_32_BIT_CONVERSION = YES;
				GCC_WARN_ABOUT_RETURN_TYPE = YES_ERROR;
				GCC_WARN_UNDECLARED_SELECTOR = YES;
				GCC_WARN_UNINITIALIZED_AUTOS = YES_AGGRESSIVE;
				GCC_WARN_UNUSED_FUNCTION = YES;
				GCC_WARN_UNUSED_VARIABLE = YES;
				IPHONEOS_DEPLOYMENT_TARGET = 13.7;
				MTL_ENABLE_DEBUG_INFO = NO;
				MTL_FAST_MATH = YES;
				SDKROOT = iphoneos;
				SWIFT_COMPILATION_MODE = wholemodule;
				SWIFT_OPTIMIZATION_LEVEL = "-O";
				VALIDATE_PRODUCT = YES;
			};
			name = Release;
		};
		FE7128C7251057B90060E2D7 /* Debug */ = {
			isa = XCBuildConfiguration;
			buildSettings = {
				ASSETCATALOG_COMPILER_APPICON_NAME = AppIcon;
				CODE_SIGN_STYLE = Automatic;
				DEVELOPMENT_ASSET_PATHS = "\"Bookworm/Preview Content\"";
				DEVELOPMENT_TEAM = 8WA3Q4R937;
				ENABLE_PREVIEWS = YES;
				INFOPLIST_FILE = Bookworm/Info.plist;
				LD_RUNPATH_SEARCH_PATHS = (
					"$(inherited)",
					"@executable_path/Frameworks",
				);
				PRODUCT_BUNDLE_IDENTIFIER = com.Wavelength.Bookworm;
				PRODUCT_NAME = "$(TARGET_NAME)";
				SWIFT_VERSION = 5.0;
				TARGETED_DEVICE_FAMILY = "1,2";
			};
			name = Debug;
		};
		FE7128C8251057B90060E2D7 /* Release */ = {
			isa = XCBuildConfiguration;
			buildSettings = {
				ASSETCATALOG_COMPILER_APPICON_NAME = AppIcon;
				CODE_SIGN_STYLE = Automatic;
				DEVELOPMENT_ASSET_PATHS = "\"Bookworm/Preview Content\"";
				DEVELOPMENT_TEAM = 8WA3Q4R937;
				ENABLE_PREVIEWS = YES;
				INFOPLIST_FILE = Bookworm/Info.plist;
				LD_RUNPATH_SEARCH_PATHS = (
					"$(inherited)",
					"@executable_path/Frameworks",
				);
				PRODUCT_BUNDLE_IDENTIFIER = com.Wavelength.Bookworm;
				PRODUCT_NAME = "$(TARGET_NAME)";
				SWIFT_VERSION = 5.0;
				TARGETED_DEVICE_FAMILY = "1,2";
			};
			name = Release;
		};
/* End XCBuildConfiguration section */

/* Begin XCConfigurationList section */
		FE7128AA251057B80060E2D7 /* Build configuration list for PBXProject "Bookworm" */ = {
			isa = XCConfigurationList;
			buildConfigurations = (
				FE7128C4251057B90060E2D7 /* Debug */,
				FE7128C5251057B90060E2D7 /* Release */,
			);
			defaultConfigurationIsVisible = 0;
			defaultConfigurationName = Release;
		};
		FE7128C6251057B90060E2D7 /* Build configuration list for PBXNativeTarget "Bookworm" */ = {
			isa = XCConfigurationList;
			buildConfigurations = (
				FE7128C7251057B90060E2D7 /* Debug */,
				FE7128C8251057B90060E2D7 /* Release */,
			);
			defaultConfigurationIsVisible = 0;
			defaultConfigurationName = Release;
		};
/* End XCConfigurationList section */

/* Begin XCVersionGroup section */
		FE7128B6251057B80060E2D7 /* Bookworm.xcdatamodeld */ = {
			isa = XCVersionGroup;
			children = (
				FE7128B7251057B80060E2D7 /* Bookworm.xcdatamodel */,
			);
			currentVersion = FE7128B7251057B80060E2D7 /* Bookworm.xcdatamodel */;
			path = Bookworm.xcdatamodeld;
			sourceTree = "<group>";
			versionGroupType = wrapper.xcdatamodel;
		};
/* End XCVersionGroup section */
	};
	rootObject = FE7128A7251057B80060E2D7 /* Project object */;
}
